
Microsoft Visual Studio Solution File, Format Version 12.00
# Visual Studio Version 16
VisualStudioVersion = 16.0.31515.178
MinimumVisualStudioVersion = 10.0.40219.1
Project("{888888A0-9F3D-457C-B088-3A5042F75D52}") = "IterationAndRecursion1", "IterationAndRecursion1.pyproj", "{F1D9473F-F0C1-486C-AEB2-B860EF1A436A}"
EndProject
Global
	GlobalSection(SolutionConfigurationPlatforms) = preSolution
		Debug|Any CPU = Debug|Any CPU
		Release|Any CPU = Release|Any CPU
	EndGlobalSection
	GlobalSection(ProjectConfigurationPlatforms) = postSolution
		{F1D9473F-F0C1-486C-AEB2-B860EF1A436A}.Debug|Any CPU.ActiveCfg = Debug|Any CPU
		{F1D9473F-F0C1-486C-AEB2-B860EF1A436A}.Release|Any CPU.ActiveCfg = Release|Any CPU
	EndGlobalSection
	GlobalSection(SolutionProperties) = preSolution
		HideSolutionNode = FALSE
	EndGlobalSection
	GlobalSection(ExtensibilityGlobals) = postSolution
		SolutionGuid = {88D3860D-89C5-4DF9-90DA-4E334A7AB1A2}
	EndGlobalSection
EndGlobal
